
Microsoft Visual Studio Solution File, Format Version 12.00
# Visual Studio Version 16
VisualStudioVersion = 16.0.31729.503
MinimumVisualStudioVersion = 10.0.40219.1
Project("{FAE04EC0-301F-11D3-BF4B-00C04F79EFBC}") = "DamaTahtasi", "DamaTahtasi\DamaTahtasi.csproj", "{FC39B173-C189-4827-9D8A-3ACEF073A356}"
EndProject
Global
	GlobalSection(SolutionConfigurationPlatforms) = preSolution
		Debug|Any CPU = Debug|Any CPU
		Release|Any CPU = Release|Any CPU
	EndGlobalSection
	GlobalSection(ProjectConfigurationPlatforms) = postSolution
		{FC39B173-C189-4827-9D8A-3ACEF073A356}.Debug|Any CPU.ActiveCfg = Debug|Any CPU
		{FC39B173-C189-4827-9D8A-3ACEF073A356}.Debug|Any CPU.Build.0 = Debug|Any CPU
		{FC39B173-C189-4827-9D8A-3ACEF073A356}.Release|Any CPU.ActiveCfg = Release|Any CPU
		{FC39B173-C189-4827-9D8A-3ACEF073A356}.Release|Any CPU.Build.0 = Release|Any CPU
	EndGlobalSection
	GlobalSection(SolutionProperties) = preSolution
		HideSolutionNode = FALSE
	EndGlobalSection
	GlobalSection(ExtensibilityGlobals) = postSolution
		SolutionGuid = {BCD17069-805A-455F-BC26-0887D8A60688}
	EndGlobalSection
EndGlobal
